
Microsoft Visual Studio Solution File, Format Version 12.00
# Visual Studio Version 17
VisualStudioVersion = 17.0.31903.59
MinimumVisualStudioVersion = 10.0.40219.1
Project("{2150E333-8FDC-42A3-9474-1A3956D46DE8}") = "src", "src", "{827E0CD3-B72D-47B6-A68D-7590B98EB39B}"
EndProject
Project("{FAE04EC0-301F-11D3-BF4B-00C04F79EFBC}") = "StrataScene.Core", "src\StrataScene.Core\StrataScene.Core.csproj", "{5829624F-12BB-4ECE-9E20-403D6FC78664}"
EndProject
Project("{FAE04EC0-301F-11D3-BF4B-00C04F79EFBC}") = "StrataScene.Platform", "src\StrataScene.Platform\StrataScene.Platform.csproj", "{BF473883-8283-40EF-920C-76B69665D0B8}"
EndProject
Project("{FAE04EC0-301F-11D3-BF4B-00C04F79EFBC}") = "StrataScene.App", "src\StrataScene.App\StrataScene.App.csproj", "{6F42D8C1-DD15-45F8-BC7F-6B7F257DAD61}"
EndProject
Project("{2150E333-8FDC-42A3-9474-1A3956D46DE8}") = "tests", "tests", "{0AB3BF05-4346-4AA6-1389-037BE0695223}"
EndProject
Project("{FAE04EC0-301F-11D3-BF4B-00C04F79EFBC}") = "StrataScene.Core.Tests", "tests\StrataScene.Core.Tests\StrataScene.Core.Tests.csproj", "{08FB3023-2C8F-4B65-AA30-454B55C23DAC}"
EndProject
Global
	GlobalSection(SolutionConfigurationPlatforms) = preSolution
		Debug|Any CPU = Debug|Any CPU
		Debug|x64 = Debug|x64
		Debug|x86 = Debug|x86
		Release|Any CPU = Release|Any CPU
		Release|x64 = Release|x64
		Release|x86 = Release|x86
	EndGlobalSection
	GlobalSection(ProjectConfigurationPlatforms) = postSolution
		{5829624F-12BB-4ECE-9E20-403D6FC78664}.Debug|Any CPU.ActiveCfg = Debug|Any CPU
		{5829624F-12BB-4ECE-9E20-403D6FC78664}.Debug|Any CPU.Build.0 = Debug|Any CPU
		{5829624F-12BB-4ECE-9E20-403D6FC78664}.Debug|x64.ActiveCfg = Debug|Any CPU
		{5829624F-12BB-4ECE-9E20-403D6FC78664}.Debug|x64.Build.0 = Debug|Any CPU
		{5829624F-12BB-4ECE-9E20-403D6FC78664}.Debug|x86.ActiveCfg = Debug|Any CPU
		{5829624F-12BB-4ECE-9E20-403D6FC78664}.Debug|x86.Build.0 = Debug|Any CPU
		{5829624F-12BB-4ECE-9E20-403D6FC78664}.Release|Any CPU.ActiveCfg = Release|Any CPU
		{5829624F-12BB-4ECE-9E20-403D6FC78664}.Release|Any CPU.Build.0 = Release|Any CPU
		{5829624F-12BB-4ECE-9E20-403D6FC78664}.Release|x64.ActiveCfg = Release|Any CPU
		{5829624F-12BB-4ECE-9E20-403D6FC78664}.Release|x64.Build.0 = Release|Any CPU
		{5829624F-12BB-4ECE-9E20-403D6FC78664}.Release|x86.ActiveCfg = Release|Any CPU
		{5829624F-12BB-4ECE-9E20-403D6FC78664}.Release|x86.Build.0 = Release|Any CPU
		{BF473883-8283-40EF-920C-76B69665D0B8}.Debug|Any CPU.ActiveCfg = Debug|Any CPU
		{BF473883-8283-40EF-920C-76B69665D0B8}.Debug|Any CPU.Build.0 = Debug|Any CPU
		{BF473883-8283-40EF-920C-76B69665D0B8}.Debug|x64.ActiveCfg = Debug|Any CPU
		{BF473883-8283-40EF-920C-76B69665D0B8}.Debug|x64.Build.0 = Debug|Any CPU
		{BF473883-8283-40EF-920C-76B69665D0B8}.Debug|x86.ActiveCfg = Debug|Any CPU
		{BF473883-8283-40EF-920C-76B69665D0B8}.Debug|x86.Build.0 = Debug|Any CPU
		{BF473883-8283-40EF-920C-76B69665D0B8}.Release|Any CPU.ActiveCfg = Release|Any CPU
		{BF473883-8283-40EF-920C-76B69665D0B8}.Release|Any CPU.Build.0 = Release|Any CPU
		{BF473883-8283-40EF-920C-76B69665D0B8}.Release|x64.ActiveCfg = Release|Any CPU
		{BF473883-8283-40EF-920C-76B69665D0B8}.Release|x64.Build.0 = Release|Any CPU
		{BF473883-8283-40EF-920C-76B69665D0B8}.Release|x86.ActiveCfg = Release|Any CPU
		{BF473883-8283-40EF-920C-76B69665D0B8}.Release|x86.Build.0 = Release|Any CPU
		{6F42D8C1-DD15-45F8-BC7F-6B7F257DAD61}.Debug|Any CPU.ActiveCfg = Debug|Any CPU
		{6F42D8C1-DD15-45F8-BC7F-6B7F257DAD61}.Debug|Any CPU.Build.0 = Debug|Any CPU
		{6F42D8C1-DD15-45F8-BC7F-6B7F257DAD61}.Debug|x64.ActiveCfg = Debug|Any CPU
		{6F42D8C1-DD15-45F8-BC7F-6B7F257DAD61}.Debug|x64.Build.0 = Debug|Any CPU
		{6F42D8C1-DD15-45F8-BC7F-6B7F257DAD61}.Debug|x86.ActiveCfg = Debug|Any CPU
		{6F42D8C1-DD15-45F8-BC7F-6B7F257DAD61}.Debug|x86.Build.0 = Debug|Any CPU
		{6F42D8C1-DD15-45F8-BC7F-6B7F257DAD61}.Release|Any CPU.ActiveCfg = Release|Any CPU
		{6F42D8C1-DD15-45F8-BC7F-6B7F257DAD61}.Release|Any CPU.Build.0 = Release|Any CPU
		{6F42D8C1-DD15-45F8-BC7F-6B7F257DAD61}.Release|x64.ActiveCfg = Release|Any CPU
		{6F42D8C1-DD15-45F8-BC7F-6B7F257DAD61}.Release|x64.Build.0 = Release|Any CPU
		{6F42D8C1-DD15-45F8-BC7F-6B7F257DAD61}.Release|x86.ActiveCfg = Release|Any CPU
		{6F42D8C1-DD15-45F8-BC7F-6B7F257DAD61}.Release|x86.Build.0 = Release|Any CPU
		{08FB3023-2C8F-4B65-AA30-454B55C23DAC}.Debug|Any CPU.ActiveCfg = Debug|Any CPU
		{08FB3023-2C8F-4B65-AA30-454B55C23DAC}.Debug|Any CPU.Build.0 = Debug|Any CPU
		{08FB3023-2C8F-4B65-AA30-454B55C23DAC}.Debug|x64.ActiveCfg = Debug|Any CPU
		{08FB3023-2C8F-4B65-AA30-454B55C23DAC}.Debug|x64.Build.0 = Debug|Any CPU
		{08FB3023-2C8F-4B65-AA30-454B55C23DAC}.Debug|x86.ActiveCfg = Debug|Any CPU
		{08FB3023-2C8F-4B65-AA30-454B55C23DAC}.Debug|x86.Build.0 = Debug|Any CPU
		{08FB3023-2C8F-4B65-AA30-454B55C23DAC}.Release|Any CPU.ActiveCfg = Release|Any CPU
		{08FB3023-2C8F-4B65-AA30-454B55C23DAC}.Release|Any CPU.Build.0 = Release|Any CPU
		{08FB3023-2C8F-4B65-AA30-454B55C23DAC}.Release|x64.ActiveCfg = Release|Any CPU
		{08FB3023-2C8F-4B65-AA30-454B55C23DAC}.Release|x64.Build.0 = Release|Any CPU
		{08FB3023-2C8F-4B65-AA30-454B55C23DAC}.Release|x86.ActiveCfg = Release|Any CPU
		{08FB3023-2C8F-4B65-AA30-454B55C23DAC}.Release|x86.Build.0 = Release|Any CPU
	EndGlobalSection
	GlobalSection(SolutionProperties) = preSolution
		HideSolutionNode = FALSE
	EndGlobalSection
	GlobalSection(NestedProjects) = preSolution
		{5829624F-12BB-4ECE-9E20-403D6FC78664} = {827E0CD3-B72D-47B6-A68D-7590B98EB39B}
		{BF473883-8283-40EF-920C-76B69665D0B8} = {827E0CD3-B72D-47B6-A68D-7590B98EB39B}
		{6F42D8C1-DD15-45F8-BC7F-6B7F257DAD61} = {827E0CD3-B72D-47B6-A68D-7590B98EB39B}
		{08FB3023-2C8F-4B65-AA30-454B55C23DAC} = {0AB3BF05-4346-4AA6-1389-037BE0695223}
	EndGlobalSection
EndGlobal
